
Microsoft Visual Studio Solution File, Format Version 12.00
# Visual Studio 15
VisualStudioVersion = 15.0.27130.2027
MinimumVisualStudioVersion = 10.0.40219.1
Project("{FAE04EC0-301F-11D3-BF4B-00C04F79EFBC}") = "ISV.Services.Host", "ISV.Services.Host\ISV.Services.Host.csproj", "{044DF662-35D7-4286-AA85-61C66A639253}"
EndProject
Project("{FAE04EC0-301F-11D3-BF4B-00C04F79EFBC}") = "ISV.Services.Contracts", "ISV.Services.Contracts\ISV.Services.Contracts.csproj", "{6C9CC7C4-A64C-41C5-BED4-59EEF1402AF4}"
EndProject
Project("{FAE04EC0-301F-11D3-BF4B-00C04F79EFBC}") = "ISV.Services", "ISV.Services\ISV.Services.csproj", "{0AD7489E-A37D-4A94-9CF5-BAA3267C8CCE}"
EndProject
Global
	GlobalSection(SolutionConfigurationPlatforms) = preSolution
		Debug|Any CPU = Debug|Any CPU
		Release|Any CPU = Release|Any CPU
	EndGlobalSection
	GlobalSection(ProjectConfigurationPlatforms) = postSolution
		{044DF662-35D7-4286-AA85-61C66A639253}.Debug|Any CPU.ActiveCfg = Debug|Any CPU
		{044DF662-35D7-4286-AA85-61C66A639253}.Debug|Any CPU.Build.0 = Debug|Any CPU
		{044DF662-35D7-4286-AA85-61C66A639253}.Release|Any CPU.ActiveCfg = Release|Any CPU
		{044DF662-35D7-4286-AA85-61C66A639253}.Release|Any CPU.Build.0 = Release|Any CPU
		{6C9CC7C4-A64C-41C5-BED4-59EEF1402AF4}.Debug|Any CPU.ActiveCfg = Debug|Any CPU
		{6C9CC7C4-A64C-41C5-BED4-59EEF1402AF4}.Debug|Any CPU.Build.0 = Debug|Any CPU
		{6C9CC7C4-A64C-41C5-BED4-59EEF1402AF4}.Release|Any CPU.ActiveCfg = Release|Any CPU
		{6C9CC7C4-A64C-41C5-BED4-59EEF1402AF4}.Release|Any CPU.Build.0 = Release|Any CPU
		{0AD7489E-A37D-4A94-9CF5-BAA3267C8CCE}.Debug|Any CPU.ActiveCfg = Debug|Any CPU
		{0AD7489E-A37D-4A94-9CF5-BAA3267C8CCE}.Debug|Any CPU.Build.0 = Debug|Any CPU
		{0AD7489E-A37D-4A94-9CF5-BAA3267C8CCE}.Release|Any CPU.ActiveCfg = Release|Any CPU
		{0AD7489E-A37D-4A94-9CF5-BAA3267C8CCE}.Release|Any CPU.Build.0 = Release|Any CPU
	EndGlobalSection
	GlobalSection(SolutionProperties) = preSolution
		HideSolutionNode = FALSE
	EndGlobalSection
	GlobalSection(ExtensibilityGlobals) = postSolution
		SolutionGuid = {85C6B661-FF00-4ADC-B68C-BF5B02639CE4}
	EndGlobalSection
EndGlobal
